
Microsoft Visual Studio Solution File, Format Version 12.00
# Visual Studio Version 16
VisualStudioVersion = 16.0.31829.152
MinimumVisualStudioVersion = 10.0.40219.1
Project("{FAE04EC0-301F-11D3-BF4B-00C04F79EFBC}") = "Lab1WpfApp", "Lab1WpfApp\Lab1WpfApp.csproj", "{CBA28C9D-125A-4230-BCC0-2AC59C3A0997}"
EndProject
Global
	GlobalSection(SolutionConfigurationPlatforms) = preSolution
		Debug|Any CPU = Debug|Any CPU
		Release|Any CPU = Release|Any CPU
	EndGlobalSection
	GlobalSection(ProjectConfigurationPlatforms) = postSolution
		{CBA28C9D-125A-4230-BCC0-2AC59C3A0997}.Debug|Any CPU.ActiveCfg = Debug|Any CPU
		{CBA28C9D-125A-4230-BCC0-2AC59C3A0997}.Debug|Any CPU.Build.0 = Debug|Any CPU
		{CBA28C9D-125A-4230-BCC0-2AC59C3A0997}.Release|Any CPU.ActiveCfg = Release|Any CPU
		{CBA28C9D-125A-4230-BCC0-2AC59C3A0997}.Release|Any CPU.Build.0 = Release|Any CPU
	EndGlobalSection
	GlobalSection(SolutionProperties) = preSolution
		HideSolutionNode = FALSE
	EndGlobalSection
	GlobalSection(ExtensibilityGlobals) = postSolution
		SolutionGuid = {80BE7572-468B-4401-BDE0-3F0807B2E8FA}
	EndGlobalSection
EndGlobal
